
Microsoft Visual Studio Solution File, Format Version 12.00
# Visual Studio Version 16
VisualStudioVersion = 16.0.29326.143
MinimumVisualStudioVersion = 10.0.40219.1
Project("{FAE04EC0-301F-11D3-BF4B-00C04F79EFBC}") = "RTDataManager", "RTDataManager\RTDataManager.csproj", "{7F103934-6118-4E53-BBF3-E162EFE8DC4F}"
EndProject
Global
	GlobalSection(SolutionConfigurationPlatforms) = preSolution
		Debug|Any CPU = Debug|Any CPU
		Release|Any CPU = Release|Any CPU
	EndGlobalSection
	GlobalSection(ProjectConfigurationPlatforms) = postSolution
		{7F103934-6118-4E53-BBF3-E162EFE8DC4F}.Debug|Any CPU.ActiveCfg = Debug|Any CPU
		{7F103934-6118-4E53-BBF3-E162EFE8DC4F}.Debug|Any CPU.Build.0 = Debug|Any CPU
		{7F103934-6118-4E53-BBF3-E162EFE8DC4F}.Release|Any CPU.ActiveCfg = Release|Any CPU
		{7F103934-6118-4E53-BBF3-E162EFE8DC4F}.Release|Any CPU.Build.0 = Release|Any CPU
	EndGlobalSection
	GlobalSection(SolutionProperties) = preSolution
		HideSolutionNode = FALSE
	EndGlobalSection
	GlobalSection(ExtensibilityGlobals) = postSolution
		SolutionGuid = {2F783BE0-753E-4C87-9DA5-127F703D0DDC}
	EndGlobalSection
EndGlobal
